
Microsoft Visual Studio Solution File, Format Version 12.00
# Visual Studio Version 17
VisualStudioVersion = 17.13.36105.23
MinimumVisualStudioVersion = 10.0.40219.1
Project("{FAE04EC0-301F-11D3-BF4B-00C04F79EFBC}") = "Millenium.REST", "Millenium.REST\Millenium.REST.csproj", "{BFCF53FF-19B0-44C5-2A4F-09C86580BFEC}"
EndProject
Project("{FAE04EC0-301F-11D3-BF4B-00C04F79EFBC}") = "Millenium.SOAP", "Millenium.SOAP\Millenium.SOAP.csproj", "{E912B5A4-94F8-747F-3D32-F2486EBB60F9}"
EndProject
Project("{FAE04EC0-301F-11D3-BF4B-00C04F79EFBC}") = "Millenium.Client", "Millenium.Client\Millenium.Client.csproj", "{5C06692E-F446-481D-AD21-8BBB8D38D468}"
EndProject
Global
	GlobalSection(SolutionConfigurationPlatforms) = preSolution
		Debug|Any CPU = Debug|Any CPU
		Release|Any CPU = Release|Any CPU
	EndGlobalSection
	GlobalSection(ProjectConfigurationPlatforms) = postSolution
		{BFCF53FF-19B0-44C5-2A4F-09C86580BFEC}.Debug|Any CPU.ActiveCfg = Debug|Any CPU
		{BFCF53FF-19B0-44C5-2A4F-09C86580BFEC}.Debug|Any CPU.Build.0 = Debug|Any CPU
		{BFCF53FF-19B0-44C5-2A4F-09C86580BFEC}.Release|Any CPU.ActiveCfg = Release|Any CPU
		{BFCF53FF-19B0-44C5-2A4F-09C86580BFEC}.Release|Any CPU.Build.0 = Release|Any CPU
		{E912B5A4-94F8-747F-3D32-F2486EBB60F9}.Debug|Any CPU.ActiveCfg = Debug|Any CPU
		{E912B5A4-94F8-747F-3D32-F2486EBB60F9}.Debug|Any CPU.Build.0 = Debug|Any CPU
		{E912B5A4-94F8-747F-3D32-F2486EBB60F9}.Release|Any CPU.ActiveCfg = Release|Any CPU
		{E912B5A4-94F8-747F-3D32-F2486EBB60F9}.Release|Any CPU.Build.0 = Release|Any CPU
		{5C06692E-F446-481D-AD21-8BBB8D38D468}.Debug|Any CPU.ActiveCfg = Debug|Any CPU
		{5C06692E-F446-481D-AD21-8BBB8D38D468}.Debug|Any CPU.Build.0 = Debug|Any CPU
		{5C06692E-F446-481D-AD21-8BBB8D38D468}.Release|Any CPU.ActiveCfg = Release|Any CPU
		{5C06692E-F446-481D-AD21-8BBB8D38D468}.Release|Any CPU.Build.0 = Release|Any CPU
	EndGlobalSection
	GlobalSection(SolutionProperties) = preSolution
		HideSolutionNode = FALSE
	EndGlobalSection
	GlobalSection(ExtensibilityGlobals) = postSolution
		SolutionGuid = {F03DEC36-6341-4DE8-BC31-3BC0442FA1DE}
	EndGlobalSection
EndGlobal
